
Microsoft Visual Studio Solution File, Format Version 12.00
# Visual Studio 15
VisualStudioVersion = 15.0.28307.421
MinimumVisualStudioVersion = 10.0.40219.1
Project("{9A19103F-16F7-4668-BE54-9A1E7A4F7556}") = "Sahayak", "myDirstDialogFlow\Sahayak.csproj", "{CCFC6D77-7D88-43CF-96DF-A50DDC6D2730}"
EndProject
Global
	GlobalSection(SolutionConfigurationPlatforms) = preSolution
		Debug|Any CPU = Debug|Any CPU
		Release|Any CPU = Release|Any CPU
	EndGlobalSection
	GlobalSection(ProjectConfigurationPlatforms) = postSolution
		{CCFC6D77-7D88-43CF-96DF-A50DDC6D2730}.Debug|Any CPU.ActiveCfg = Debug|Any CPU
		{CCFC6D77-7D88-43CF-96DF-A50DDC6D2730}.Debug|Any CPU.Build.0 = Debug|Any CPU
		{CCFC6D77-7D88-43CF-96DF-A50DDC6D2730}.Release|Any CPU.ActiveCfg = Release|Any CPU
		{CCFC6D77-7D88-43CF-96DF-A50DDC6D2730}.Release|Any CPU.Build.0 = Release|Any CPU
	EndGlobalSection
	GlobalSection(SolutionProperties) = preSolution
		HideSolutionNode = FALSE
	EndGlobalSection
	GlobalSection(ExtensibilityGlobals) = postSolution
		SolutionGuid = {F448BDB6-C509-4589-99F3-33C407E44421}
	EndGlobalSection
EndGlobal
